
Microsoft Visual Studio Solution File, Format Version 12.00
# Visual Studio Version 17
VisualStudioVersion = 17.4.33103.184
MinimumVisualStudioVersion = 10.0.40219.1
Project("{8BC9CEB8-8B4A-11D0-8D11-00A0C91BC942}") = "theRealAssignmentFourForRealThisTimeActually", "theRealAssignmentFourForRealThisTimeActually.vcxproj", "{AE7BFE4C-316C-4228-B9E3-F46C8A77D220}"
EndProject
Global
	GlobalSection(SolutionConfigurationPlatforms) = preSolution
		Debug|x64 = Debug|x64
		Debug|x86 = Debug|x86
		Release|x64 = Release|x64
		Release|x86 = Release|x86
	EndGlobalSection
	GlobalSection(ProjectConfigurationPlatforms) = postSolution
		{AE7BFE4C-316C-4228-B9E3-F46C8A77D220}.Debug|x64.ActiveCfg = Debug|x64
		{AE7BFE4C-316C-4228-B9E3-F46C8A77D220}.Debug|x64.Build.0 = Debug|x64
		{AE7BFE4C-316C-4228-B9E3-F46C8A77D220}.Debug|x86.ActiveCfg = Debug|Win32
		{AE7BFE4C-316C-4228-B9E3-F46C8A77D220}.Debug|x86.Build.0 = Debug|Win32
		{AE7BFE4C-316C-4228-B9E3-F46C8A77D220}.Release|x64.ActiveCfg = Release|x64
		{AE7BFE4C-316C-4228-B9E3-F46C8A77D220}.Release|x64.Build.0 = Release|x64
		{AE7BFE4C-316C-4228-B9E3-F46C8A77D220}.Release|x86.ActiveCfg = Release|Win32
		{AE7BFE4C-316C-4228-B9E3-F46C8A77D220}.Release|x86.Build.0 = Release|Win32
	EndGlobalSection
	GlobalSection(SolutionProperties) = preSolution
		HideSolutionNode = FALSE
	EndGlobalSection
	GlobalSection(ExtensibilityGlobals) = postSolution
		SolutionGuid = {3E9E4767-0575-4B22-BF29-CAECFE868152}
	EndGlobalSection
EndGlobal
